version = 1
revision = 3
requires-python = "==3.12.*"

[[package]]
name = "basedpyright"
version = "1.38.2"
source = { registry = "https://pypi.org/simple" }
dependencies = [
    { name = "nodejs-wheel-binaries" },
]
sdist = { url = "https://files.pythonhosted.org/packages/e4/a3/20aa7c4e83f2f614e0036300f3c352775dede0655c66814da16c37b661a9/basedpyright-1.38.2.tar.gz", hash = "sha256:b433b2b8ba745ed7520cdc79a29a03682f3fb00346d272ece5944e9e5e5daa92", size = 25277019, upload-time = "2026-02-26T11:18:43.594Z" }
wheels = [
    { url = "https://files.pythonhosted.org/packages/ac/12/736cab83626fea3fe65cdafb3ef3d2ee9480c56723f2fd33921537289a5e/basedpyright-1.38.2-py3-none-any.whl", hash = "sha256:153481d37fd19f9e3adedc8629d1d071b10c5f5e49321fb026b74444b7c70e24", size = 12312475, upload-time = "2026-02-26T11:18:40.373Z" },
]

[[package]]
name = "fake-bpy-module-4-2"
version = "20260128"
source = { registry = "https://pypi.org/simple" }
sdist = { url = "https://files.pythonhosted.org/packages/1b/9c/64fabe1a6c19a17f2870ac51ea55e0e8a0f080f483d929abe3012c238791/fake_bpy_module_4_2-20260128.tar.gz", hash = "sha256:0e2e09fda48ffbad5712ec313c581f1f2b96a9ce1b52bd4a6021c07b213a1753", size = 844236, upload-time = "2026-01-28T15:38:24.354Z" }
wheels = [
    { url = "https://files.pythonhosted.org/packages/2b/26/1ced42e2a26acf0505257817535a9e139a147d7cb8c8104729109ccb8fb5/fake_bpy_module_4_2-20260128-py3-none-any.whl", hash = "sha256:d5dd5bbf6b692a4b90c52d4816f61c6668c8b75c45bbb626b444cf4031853971", size = 962735, upload-time = "2026-01-28T15:38:19.748Z" },
]

[[package]]
name = "kurotori-avatar-exporter"
version = "1.1.0"
source = { virtual = "." }

[package.optional-dependencies]
dev = [
    { name = "basedpyright" },
    { name = "fake-bpy-module-4-2" },
    { name = "ruff" },
]

[package.metadata]
requires-dist = [
    { name = "basedpyright", marker = "extra == 'dev'", specifier = "==1.38.2" },
    { name = "fake-bpy-module-4-2", marker = "extra == 'dev'" },
    { name = "ruff", marker = "extra == 'dev'", specifier = "==0.15.6" },
]
provides-extras = ["dev"]

[[package]]
name = "nodejs-wheel-binaries"
version = "24.16.0"
source = { registry = "https://pypi.org/simple" }
sdist = { url = "https://files.pythonhosted.org/packages/a3/22/2a5beb4e21417c73233d9f65cf6f3e96e891b80d2f550a8f630ebc6b88c6/nodejs_wheel_binaries-24.16.0.tar.gz", hash = "sha256:c973cb69dc5fd16e6f6dc6e579e2c3d5534e2a1f57619dddf5ba070efa7dde37", size = 8056, upload-time = "2026-05-30T16:52:09.807Z" }
wheels = [
    { url = "https://files.pythonhosted.org/packages/83/d1/68b43b53cd0fa83ae6fd406705023ca988d9e0ca41c724d82e66fbeb2ef6/nodejs_wheel_binaries-24.16.0-py2.py3-none-macosx_13_0_arm64.whl", hash = "sha256:d9f8f677dcf30e37ac244f07869726abe043f01eb0f45722b1df31cc2af7093c", size = 55666374, upload-time = "2026-05-30T16:51:39.588Z" },
    { url = "https://files.pythonhosted.org/packages/e9/b2/40a989159599080da485de966c4c2d207e852ac7aa7864702626d96c8bf5/nodejs_wheel_binaries-24.16.0-py2.py3-none-macosx_13_0_x86_64.whl", hash = "sha256:3d0370fe7120ce9697a4f60d40480d2bd8808d9f30131458d5afc0040d4e5a51", size = 55838487, upload-time = "2026-05-30T16:51:43.383Z" },
    { url = "https://files.pythonhosted.org/packages/d7/a7/cd42174fb5ff6faff7fa8d326a18914d8f232098ab5de055b57c16fa13ca/nodejs_wheel_binaries-24.16.0-py2.py3-none-manylinux_2_28_aarch64.whl", hash = "sha256:85dc92bbb79c851569c5925dcc2a4c915a034efab375f99e4e7e6bbe9cca8342", size = 60179540, upload-time = "2026-05-30T16:51:47.036Z" },
    { url = "https://files.pythonhosted.org/packages/2b/95/c8a1f9ae140aa28df8744d984d01d4b3af7cdd6555af12127f40ceb45a7d/nodejs_wheel_binaries-24.16.0-py2.py3-none-manylinux_2_28_x86_64.whl", hash = "sha256:2f3036292811514ba847b3708492644764f88a833ac425c5f55007014308ddfd", size = 60716262, upload-time = "2026-05-30T16:51:50.711Z" },
    { url = "https://files.pythonhosted.org/packages/64/c9/7c35b3737f59e36d0249c265397b7bff570519b95301d6e16ea361e904ad/nodejs_wheel_binaries-24.16.0-py2.py3-none-musllinux_1_2_aarch64.whl", hash = "sha256:db8a8a76ebd2b28ecbfc9ad464baa3707241b9e050a30e2efdf6f60c0f886502", size = 62230592, upload-time = "2026-05-30T16:51:55Z" },
    { url = "https://files.pythonhosted.org/packages/04/96/d931255cf9d11a84d6b54d882dba7434646467d568ccf070ea3418638df3/nodejs_wheel_binaries-24.16.0-py2.py3-none-musllinux_1_2_x86_64.whl", hash = "sha256:f1a3d8f7b4491cbbd023ba3fc4e901fcca2d9fb80d57f24ba3890de8b1dbac03", size = 62841759, upload-time = "2026-05-30T16:51:59.407Z" },
    { url = "https://files.pythonhosted.org/packages/a2/7b/8b7a3f41bc255411be30b6d7d288aab8ffd9ea2055db8555ced3548007b9/nodejs_wheel_binaries-24.16.0-py2.py3-none-win_amd64.whl", hash = "sha256:bb136be9944f0662dcf1120f45193a6b75b13fac378971a95cc42c9f879a81aa", size = 42027734, upload-time = "2026-05-30T16:52:03.348Z" },
    { url = "https://files.pythonhosted.org/packages/17/66/1ed71f1f529b8ca727d42c7ceb9db0bef145ce4a13dfc86fb50aa44f3be6/nodejs_wheel_binaries-24.16.0-py2.py3-none-win_arm64.whl", hash = "sha256:8308940b5edd0a50dc5267ea36ba21c9f668e83fe0d9f293937174d3a7e31c36", size = 39714528, upload-time = "2026-05-30T16:52:06.421Z" },
]

[[package]]
name = "ruff"
version = "0.15.6"
source = { registry = "https://pypi.org/simple" }
sdist = { url = "https://files.pythonhosted.org/packages/51/df/f8629c19c5318601d3121e230f74cbee7a3732339c52b21daa2b82ef9c7d/ruff-0.15.6.tar.gz", hash = "sha256:8394c7bb153a4e3811a4ecdacd4a8e6a4fa8097028119160dffecdcdf9b56ae4", size = 4597916, upload-time = "2026-03-12T23:05:47.51Z" }
wheels = [
    { url = "https://files.pythonhosted.org/packages/9e/2f/4e03a7e5ce99b517e98d3b4951f411de2b0fa8348d39cf446671adcce9a2/ruff-0.15.6-py3-none-linux_armv6l.whl", hash = "sha256:7c98c3b16407b2cf3d0f2b80c80187384bc92c6774d85fefa913ecd941256fff", size = 10508953, upload-time = "2026-03-12T23:05:17.246Z" },
    { url = "https://files.pythonhosted.org/packages/70/60/55bcdc3e9f80bcf39edf0cd272da6fa511a3d94d5a0dd9e0adf76ceebdb4/ruff-0.15.6-py3-none-macosx_10_12_x86_64.whl", hash = "sha256:ee7dcfaad8b282a284df4aa6ddc2741b3f4a18b0555d626805555a820ea181c3", size = 10942257, upload-time = "2026-03-12T23:05:23.076Z" },
    { url = "https://files.pythonhosted.org/packages/e7/f9/005c29bd1726c0f492bfa215e95154cf480574140cb5f867c797c18c790b/ruff-0.15.6-py3-none-macosx_11_0_arm64.whl", hash = "sha256:3bd9967851a25f038fc8b9ae88a7fbd1b609f30349231dffaa37b6804923c4bb", size = 10322683, upload-time = "2026-03-12T23:05:33.738Z" },
    { url = "https://files.pythonhosted.org/packages/5f/74/2f861f5fd7cbb2146bddb5501450300ce41562da36d21868c69b7a828169/ruff-0.15.6-py3-none-manylinux_2_17_aarch64.manylinux2014_aarch64.whl", hash = "sha256:13f4594b04e42cd24a41da653886b04d2ff87adbf57497ed4f728b0e8a4866f8", size = 10660986, upload-time = "2026-03-12T23:05:53.245Z" },
    { url = "https://files.pythonhosted.org/packages/c1/a1/309f2364a424eccb763cdafc49df843c282609f47fe53aa83f38272389e0/ruff-0.15.6-py3-none-manylinux_2_17_armv7l.manylinux2014_armv7l.whl", hash = "sha256:e2ed8aea2f3fe57886d3f00ea5b8aae5bf68d5e195f487f037a955ff9fbaac9e", size = 10332177, upload-time = "2026-03-12T23:05:56.145Z" },
    { url = "https://files.pythonhosted.org/packages/30/41/7ebf1d32658b4bab20f8ac80972fb19cd4e2c6b78552be263a680edc55ac/ruff-0.15.6-py3-none-manylinux_2_17_i686.manylinux2014_i686.whl", hash = "sha256:70789d3e7830b848b548aae96766431c0dc01a6c78c13381f423bf7076c66d15", size = 11170783, upload-time = "2026-03-12T23:06:01.742Z" },
    { url = "https://files.pythonhosted.org/packages/76/be/6d488f6adca047df82cd62c304638bcb00821c36bd4881cfca221561fdfc/ruff-0.15.6-py3-none-manylinux_2_17_ppc64le.manylinux2014_ppc64le.whl", hash = "sha256:542aaf1de3154cea088ced5a819ce872611256ffe2498e750bbae5247a8114e9", size = 12044201, upload-time = "2026-03-12T23:05:28.697Z" },
    { url = "https://files.pythonhosted.org/packages/71/68/e6f125df4af7e6d0b498f8d373274794bc5156b324e8ab4bf5c1b4fc0ec7/ruff-0.15.6-py3-none-manylinux_2_17_s390x.manylinux2014_s390x.whl", hash = "sha256:1c22e6f02c16cfac3888aa636e9eba857254d15bbacc9906c9689fdecb1953ab", size = 11421561, upload-time = "2026-03-12T23:05:31.236Z" },
    { url = "https://files.pythonhosted.org/packages/f1/9f/f85ef5fd01a52e0b472b26dc1b4bd228b8f6f0435975442ffa4741278703/ruff-0.15.6-py3-none-manylinux_2_17_x86_64.manylinux2014_x86_64.whl", hash = "sha256:98893c4c0aadc8e448cfa315bd0cc343a5323d740fe5f28ef8a3f9e21b381f7e", size = 11310928, upload-time = "2026-03-12T23:05:45.288Z" },
    { url = "https://files.pythonhosted.org/packages/8c/26/b75f8c421f5654304b89471ed384ae8c7f42b4dff58fa6ce1626d7f2b59a/ruff-0.15.6-py3-none-manylinux_2_31_riscv64.whl", hash = "sha256:70d263770d234912374493e8cc1e7385c5d49376e41dfa51c5c3453169dc581c", size = 11235186, upload-time = "2026-03-12T23:05:50.677Z" },
    { url = "https://files.pythonhosted.org/packages/fc/d4/d5a6d065962ff7a68a86c9b4f5500f7d101a0792078de636526c0edd40da/ruff-0.15.6-py3-none-musllinux_1_2_aarch64.whl", hash = "sha256:55a1ad63c5a6e54b1f21b7514dfadc0c7fb40093fa22e95143cf3f64ebdcd512", size = 10635231, upload-time = "2026-03-12T23:05:37.044Z" },
    { url = "https://files.pythonhosted.org/packages/d6/56/7c3acf3d50910375349016cf33de24be021532042afbed87942858992491/ruff-0.15.6-py3-none-musllinux_1_2_armv7l.whl", hash = "sha256:8dc473ba093c5ec238bb1e7429ee676dca24643c471e11fbaa8a857925b061c0", size = 10340357, upload-time = "2026-03-12T23:06:04.748Z" },
    { url = "https://files.pythonhosted.org/packages/06/54/6faa39e9c1033ff6a3b6e76b5df536931cd30caf64988e112bbf91ef5ce5/ruff-0.15.6-py3-none-musllinux_1_2_i686.whl", hash = "sha256:85b042377c2a5561131767974617006f99f7e13c63c111b998f29fc1e58a4cfb", size = 10860583, upload-time = "2026-03-12T23:05:58.978Z" },
    { url = "https://files.pythonhosted.org/packages/cb/1e/509a201b843b4dfb0b32acdedf68d951d3377988cae43949ba4c4133a96a/ruff-0.15.6-py3-none-musllinux_1_2_x86_64.whl", hash = "sha256:cef49e30bc5a86a6a92098a7fbf6e467a234d90b63305d6f3ec01225a9d092e0", size = 11410976, upload-time = "2026-03-12T23:05:39.955Z" },
    { url = "https://files.pythonhosted.org/packages/6c/25/3fc9114abf979a41673ce877c08016f8e660ad6cf508c3957f537d2e9fa9/ruff-0.15.6-py3-none-win32.whl", hash = "sha256:bbf67d39832404812a2d23020dda68fee7f18ce15654e96fb1d3ad21a5fe436c", size = 10616872, upload-time = "2026-03-12T23:05:42.451Z" },
    { url = "https://files.pythonhosted.org/packages/89/7a/09ece68445ceac348df06e08bf75db72d0e8427765b96c9c0ffabc1be1d9/ruff-0.15.6-py3-none-win_amd64.whl", hash = "sha256:aee25bc84c2f1007ecb5037dff75cef00414fdf17c23f07dc13e577883dca406", size = 11787271, upload-time = "2026-03-12T23:05:20.168Z" },
    { url = "https://files.pythonhosted.org/packages/7f/d0/578c47dd68152ddddddf31cd7fc67dc30b7cdf639a86275fda821b0d9d98/ruff-0.15.6-py3-none-win_arm64.whl", hash = "sha256:c34de3dd0b0ba203be50ae70f5910b17188556630e2178fd7d79fc030eb0d837", size = 11060497, upload-time = "2026-03-12T23:05:25.968Z" },
]
